
Microsoft Visual Studio Solution File, Format Version 12.00
# Visual Studio 15
VisualStudioVersion = 15.0.28010.2041
MinimumVisualStudioVersion = 10.0.40219.1
Project("{FAE04EC0-301F-11D3-BF4B-00C04F79EFBC}") = "dot-net-core-poc", "dot-net-core-poc.csproj", "{F2300C5E-F379-426B-BDB8-7B7728007FCE}"
EndProject
Global
	GlobalSection(SolutionConfigurationPlatforms) = preSolution
		Debug|Any CPU = Debug|Any CPU
		Release|Any CPU = Release|Any CPU
	EndGlobalSection
	GlobalSection(ProjectConfigurationPlatforms) = postSolution
		{F2300C5E-F379-426B-BDB8-7B7728007FCE}.Debug|Any CPU.ActiveCfg = Debug|Any CPU
		{F2300C5E-F379-426B-BDB8-7B7728007FCE}.Debug|Any CPU.Build.0 = Debug|Any CPU
		{F2300C5E-F379-426B-BDB8-7B7728007FCE}.Release|Any CPU.ActiveCfg = Release|Any CPU
		{F2300C5E-F379-426B-BDB8-7B7728007FCE}.Release|Any CPU.Build.0 = Release|Any CPU
	EndGlobalSection
	GlobalSection(SolutionProperties) = preSolution
		HideSolutionNode = FALSE
	EndGlobalSection
	GlobalSection(ExtensibilityGlobals) = postSolution
		SolutionGuid = {CDC56D9B-42AE-43A6-8D31-ACC512AA1ECE}
	EndGlobalSection
EndGlobal
